// !$*UTF8*$!
{
	archiveVersion = 1;
	classes = {
	};
	objectVersion = 46;
	objects = {

/* Begin PBXBuildFile section */
		048B806A15C699EC002279AD /* UIKit.framework in Frameworks */ = {isa = PBXBuildFile; fileRef = 048B806915C699EB002279AD /* UIKit.framework */; };
		048B806C15C699EC002279AD /* Foundation.framework in Frameworks */ = {isa = PBXBuildFile; fileRef = 048B806B15C699EC002279AD /* Foundation.framework */; };
		048B806E15C699EC002279AD /* CoreGraphics.framework in Frameworks */ = {isa = PBXBuildFile; fileRef = 048B806D15C699EC002279AD /* CoreGraphics.framework */; };
		048B807415C699EC002279AD /* InfoPlist.strings in Resources */ = {isa = PBXBuildFile; fileRef = 048B807215C699EC002279AD /* InfoPlist.strings */; };
		048B807615C699EC002279AD /* main.m in Sources */ = {isa = PBXBuildFile; fileRef = 048B807515C699EC002279AD /* main.m */; };
		048B807A15C699EC002279AD /* AppDelegate.m in Sources */ = {isa = PBXBuildFile; fileRef = 048B807915C699EC002279AD /* AppDelegate.m */; };
		048B807D15C699EC002279AD /* FirstViewController.m in Sources */ = {isa = PBXBuildFile; fileRef = 048B807C15C699EC002279AD /* FirstViewController.m */; };
		048B807F15C699EC002279AD /* first.png in Resources */ = {isa = PBXBuildFile; fileRef = 048B807E15C699EC002279AD /* first.png */; };
		048B808115C699EC002279AD /* first@2x.png in Resources */ = {isa = PBXBuildFile; fileRef = 048B808015C699EC002279AD /* first@2x.png */; };
		048B808415C699EC002279AD /* SecondViewController.m in Sources */ = {isa = PBXBuildFile; fileRef = 048B808315C699EC002279AD /* SecondViewController.m */; };
		048B808615C699EC002279AD /* second.png in Resources */ = {isa = PBXBuildFile; fileRef = 048B808515C699EC002279AD /* second.png */; };
		048B808815C699EC002279AD /* second@2x.png in Resources */ = {isa = PBXBuildFile; fileRef = 048B808715C699EC002279AD /* second@2x.png */; };
		048B808B15C699EC002279AD /* FirstViewController.xib in Resources */ = {isa = PBXBuildFile; fileRef = 048B808915C699EC002279AD /* FirstViewController.xib */; };
		048B808E15C699EC002279AD /* SecondViewController.xib in Resources */ = {isa = PBXBuildFile; fileRef = 048B808C15C699EC002279AD /* SecondViewController.xib */; };
/* End PBXBuildFile section */

/* Begin PBXFileReference section */
		048B806515C699EB002279AD /* VAssistant.app */ = {isa = PBXFileReference; explicitFileType = wrapper.application; includeInIndex = 0; path = VAssistant.app; sourceTree = BUILT_PRODUCTS_DIR; };
		048B806915C699EB002279AD /* UIKit.framework */ = {isa = PBXFileReference; lastKnownFileType = wrapper.framework; name = UIKit.framework; path = System/Library/Frameworks/UIKit.framework; sourceTree = SDKROOT; };
		048B806B15C699EC002279AD /* Foundation.framework */ = {isa = PBXFileReference; lastKnownFileType = wrapper.framework; name = Foundation.framework; path = System/Library/Frameworks/Foundation.framework; sourceTree = SDKROOT; };
		048B806D15C699EC002279AD /* CoreGraphics.framework */ = {isa = PBXFileReference; lastKnownFileType = wrapper.framework; name = CoreGraphics.framework; path = System/Library/Frameworks/CoreGraphics.framework; sourceTree = SDKROOT; };
		048B807115C699EC002279AD /* VAssistant-Info.plist */ = {isa = PBXFileReference; lastKnownFileType = text.plist.xml; path = "VAssistant-Info.plist"; sourceTree = "<group>"; };
		048B807315C699EC002279AD /* en */ = {isa = PBXFileReference; lastKnownFileType = text.plist.strings; name = en; path = en.lproj/InfoPlist.strings; sourceTree = "<group>"; };
		048B807515C699EC002279AD /* main.m */ = {isa = PBXFileReference; lastKnownFileType = sourcecode.c.objc; path = main.m; sourceTree = "<group>"; };
		048B807715C699EC002279AD /* VAssistant-Prefix.pch */ = {isa = PBXFileReference; lastKnownFileType = sourcecode.c.h; path = "VAssistant-Prefix.pch"; sourceTree = "<group>"; };
		048B807815C699EC002279AD /* AppDelegate.h */ = {isa = PBXFileReference; lastKnownFileType = sourcecode.c.h; path = AppDelegate.h; sourceTree = "<group>"; };
		048B807915C699EC002279AD /* AppDelegate.m */ = {isa = PBXFileReference; lastKnownFileType = sourcecode.c.objc; path = AppDelegate.m; sourceTree = "<group>"; };
		048B807B15C699EC002279AD /* FirstViewController.h */ = {isa = PBXFileReference; lastKnownFileType = sourcecode.c.h; path = FirstViewController.h; sourceTree = "<group>"; };
		048B807C15C699EC002279AD /* FirstViewController.m */ = {isa = PBXFileReference; lastKnownFileType = sourcecode.c.objc; path = FirstViewController.m; sourceTree = "<group>"; };
		048B807E15C699EC002279AD /* first.png */ = {isa = PBXFileReference; lastKnownFileType = image.png; path = first.png; sourceTree = "<group>"; };
		048B808015C699EC002279AD /* first@2x.png */ = {isa = PBXFileReference; lastKnownFileType = image.png; path = "first@2x.png"; sourceTree = "<group>"; };
		048B808215C699EC002279AD /* SecondViewController.h */ = {isa = PBXFileReference; lastKnownFileType = sourcecode.c.h; path = SecondViewController.h; sourceTree = "<group>"; };
		048B808315C699EC002279AD /* SecondViewController.m */ = {isa = PBXFileReference; lastKnownFileType = sourcecode.c.objc; path = SecondViewController.m; sourceTree = "<group>"; };
		048B808515C699EC002279AD /* second.png */ = {isa = PBXFileReference; lastKnownFileType = image.png; path = second.png; sourceTree = "<group>"; };
		048B808715C699EC002279AD /* second@2x.png */ = {isa = PBXFileReference; lastKnownFileType = image.png; path = "second@2x.png"; sourceTree = "<group>"; };
		048B808A15C699EC002279AD /* en */ = {isa = PBXFileReference; lastKnownFileType = file.xib; name = en; path = en.lproj/FirstViewController.xib; sourceTree = "<group>"; };
		048B808D15C699EC002279AD /* en */ = {isa = PBXFileReference; lastKnownFileType = file.xib; name = en; path = en.lproj/SecondViewController.xib; sourceTree = "<group>"; };
/* End PBXFileReference section */

/* Begin PBXFrameworksBuildPhase section */
		048B806215C699EB002279AD /* Frameworks */ = {
			isa = PBXFrameworksBuildPhase;
			buildActionMask = 2147483647;
			files = (
				048B806A15C699EC002279AD /* UIKit.framework in Frameworks */,
				048B806C15C699EC002279AD /* Foundation.framework in Frameworks */,
				048B806E15C699EC002279AD /* CoreGraphics.framework in Frameworks */,
			);
			runOnlyForDeploymentPostprocessing = 0;
		};
/* End PBXFrameworksBuildPhase section */

/* Begin PBXGroup section */
		048B805A15C699EB002279AD = {
			isa = PBXGroup;
			children = (
				048B806F15C699EC002279AD /* VAssistant */,
				048B806815C699EB002279AD /* Frameworks */,
				048B806615C699EB002279AD /* Products */,
			);
			sourceTree = "<group>";
		};
		048B806615C699EB002279AD /* Products */ = {
			isa = PBXGroup;
			children = (
				048B806515C699EB002279AD /* VAssistant.app */,
			);
			name = Products;
			sourceTree = "<group>";
		};
		048B806815C699EB002279AD /* Frameworks */ = {
			isa = PBXGroup;
			children = (
				048B806915C699EB002279AD /* UIKit.framework */,
				048B806B15C699EC002279AD /* Foundation.framework */,
				048B806D15C699EC002279AD /* CoreGraphics.framework */,
			);
			name = Frameworks;
			sourceTree = "<group>";
		};
		048B806F15C699EC002279AD /* VAssistant */ = {
			isa = PBXGroup;
			children = (
				048B807815C699EC002279AD /* AppDelegate.h */,
				048B807915C699EC002279AD /* AppDelegate.m */,
				048B807B15C699EC002279AD /* FirstViewController.h */,
				048B807C15C699EC002279AD /* FirstViewController.m */,
				048B807E15C699EC002279AD /* first.png */,
				048B808015C699EC002279AD /* first@2x.png */,
				048B808215C699EC002279AD /* SecondViewController.h */,
				048B808315C699EC002279AD /* SecondViewController.m */,
				048B808515C699EC002279AD /* second.png */,
				048B808715C699EC002279AD /* second@2x.png */,
				048B808915C699EC002279AD /* FirstViewController.xib */,
				048B808C15C699EC002279AD /* SecondViewController.xib */,
				048B807015C699EC002279AD /* Supporting Files */,
			);
			path = VAssistant;
			sourceTree = "<group>";
		};
		048B807015C699EC002279AD /* Supporting Files */ = {
			isa = PBXGroup;
			children = (
				048B807115C699EC002279AD /* VAssistant-Info.plist */,
				048B807215C699EC002279AD /* InfoPlist.strings */,
				048B807515C699EC002279AD /* main.m */,
				048B807715C699EC002279AD /* VAssistant-Prefix.pch */,
			);
			name = "Supporting Files";
			sourceTree = "<group>";
		};
/* End PBXGroup section */

/* Begin PBXNativeTarget section */
		048B806415C699EB002279AD /* VAssistant */ = {
			isa = PBXNativeTarget;
			buildConfigurationList = 048B809115C699EC002279AD /* Build configuration list for PBXNativeTarget "VAssistant" */;
			buildPhases = (
				048B806115C699EB002279AD /* Sources */,
				048B806215C699EB002279AD /* Frameworks */,
				048B806315C699EB002279AD /* Resources */,
			);
			buildRules = (
			);
			dependencies = (
			);
			name = VAssistant;
			productName = VAssistant;
			productReference = 048B806515C699EB002279AD /* VAssistant.app */;
			productType = "com.apple.product-type.application";
		};
/* End PBXNativeTarget section */

/* Begin PBXProject section */
		048B805C15C699EB002279AD /* Project object */ = {
			isa = PBXProject;
			attributes = {
				LastUpgradeCheck = 0430;
			};
			buildConfigurationList = 048B805F15C699EB002279AD /* Build configuration list for PBXProject "VAssistant" */;
			compatibilityVersion = "Xcode 3.2";
			developmentRegion = English;
			hasScannedForEncodings = 0;
			knownRegions = (
				en,
			);
			mainGroup = 048B805A15C699EB002279AD;
			productRefGroup = 048B806615C699EB002279AD /* Products */;
			projectDirPath = "";
			projectRoot = "";
			targets = (
				048B806415C699EB002279AD /* VAssistant */,
			);
		};
/* End PBXProject section */

/* Begin PBXResourcesBuildPhase section */
		048B806315C699EB002279AD /* Resources */ = {
			isa = PBXResourcesBuildPhase;
			buildActionMask = 2147483647;
			files = (
				048B807415C699EC002279AD /* InfoPlist.strings in Resources */,
				048B807F15C699EC002279AD /* first.png in Resources */,
				048B808115C699EC002279AD /* first@2x.png in Resources */,
				048B808615C699EC002279AD /* second.png in Resources */,
				048B808815C699EC002279AD /* second@2x.png in Resources */,
				048B808B15C699EC002279AD /* FirstViewController.xib in Resources */,
				048B808E15C699EC002279AD /* SecondViewController.xib in Resources */,
			);
			runOnlyForDeploymentPostprocessing = 0;
		};
/* End PBXResourcesBuildPhase section */

/* Begin PBXSourcesBuildPhase section */
		048B806115C699EB002279AD /* Sources */ = {
			isa = PBXSourcesBuildPhase;
			buildActionMask = 2147483647;
			files = (
				048B807615C699EC002279AD /* main.m in Sources */,
				048B807A15C699EC002279AD /* AppDelegate.m in Sources */,
				048B807D15C699EC002279AD /* FirstViewController.m in Sources */,
				048B808415C699EC002279AD /* SecondViewController.m in Sources */,
			);
			runOnlyForDeploymentPostprocessing = 0;
		};
/* End PBXSourcesBuildPhase section */

/* Begin PBXVariantGroup section */
		048B807215C699EC002279AD /* InfoPlist.strings */ = {
			isa = PBXVariantGroup;
			children = (
				048B807315C699EC002279AD /* en */,
			);
			name = InfoPlist.strings;
			sourceTree = "<group>";
		};
		048B808915C699EC002279AD /* FirstViewController.xib */ = {
			isa = PBXVariantGroup;
			children = (
				048B808A15C699EC002279AD /* en */,
			);
			name = FirstViewController.xib;
			sourceTree = "<group>";
		};
		048B808C15C699EC002279AD /* SecondViewController.xib */ = {
			isa = PBXVariantGroup;
			children = (
				048B808D15C699EC002279AD /* en */,
			);
			name = SecondViewController.xib;
			sourceTree = "<group>";
		};
/* End PBXVariantGroup section */

/* Begin XCBuildConfiguration section */
		048B808F15C699EC002279AD /* Debug */ = {
			isa = XCBuildConfiguration;
			buildSettings = {
				ALWAYS_SEARCH_USER_PATHS = NO;
				ARCHS = "$(ARCHS_STANDARD_32_BIT)";
				CLANG_ENABLE_OBJC_ARC = YES;
				"CODE_SIGN_IDENTITY[sdk=iphoneos*]" = "iPhone Developer";
				COPY_PHASE_STRIP = NO;
				GCC_C_LANGUAGE_STANDARD = gnu99;
				GCC_DYNAMIC_NO_PIC = NO;
				GCC_OPTIMIZATION_LEVEL = 0;
				GCC_PREPROCESSOR_DEFINITIONS = (
					"DEBUG=1",
					"$(inherited)",
				);
				GCC_SYMBOLS_PRIVATE_EXTERN = NO;
				GCC_VERSION = com.apple.compilers.llvm.clang.1_0;
				GCC_WARN_ABOUT_RETURN_TYPE = YES;
				GCC_WARN_UNINITIALIZED_AUTOS = YES;
				GCC_WARN_UNUSED_VARIABLE = YES;
				IPHONEOS_DEPLOYMENT_TARGET = 5.1;
				SDKROOT = iphoneos;
				TARGETED_DEVICE_FAMILY = 2;
			};
			name = Debug;
		};
		048B809015C699EC002279AD /* Release */ = {
			isa = XCBuildConfiguration;
			buildSettings = {
				ALWAYS_SEARCH_USER_PATHS = NO;
				ARCHS = "$(ARCHS_STANDARD_32_BIT)";
				CLANG_ENABLE_OBJC_ARC = YES;
				"CODE_SIGN_IDENTITY[sdk=iphoneos*]" = "iPhone Developer";
				COPY_PHASE_STRIP = YES;
				GCC_C_LANGUAGE_STANDARD = gnu99;
				GCC_VERSION = com.apple.compilers.llvm.clang.1_0;
				GCC_WARN_ABOUT_RETURN_TYPE = YES;
				GCC_WARN_UNINITIALIZED_AUTOS = YES;
				GCC_WARN_UNUSED_VARIABLE = YES;
				IPHONEOS_DEPLOYMENT_TARGET = 5.1;
				OTHER_CFLAGS = "-DNS_BLOCK_ASSERTIONS=1";
				SDKROOT = iphoneos;
				TARGETED_DEVICE_FAMILY = 2;
				VALIDATE_PRODUCT = YES;
			};
			name = Release;
		};
		048B809215C699EC002279AD /* Debug */ = {
			isa = XCBuildConfiguration;
			buildSettings = {
				GCC_PRECOMPILE_PREFIX_HEADER = YES;
				GCC_PREFIX_HEADER = "VAssistant/VAssistant-Prefix.pch";
				INFOPLIST_FILE = "VAssistant/VAssistant-Info.plist";
				PRODUCT_NAME = "$(TARGET_NAME)";
				WRAPPER_EXTENSION = app;
			};
			name = Debug;
		};
		048B809315C699EC002279AD /* Release */ = {
			isa = XCBuildConfiguration;
			buildSettings = {
				GCC_PRECOMPILE_PREFIX_HEADER = YES;
				GCC_PREFIX_HEADER = "VAssistant/VAssistant-Prefix.pch";
				INFOPLIST_FILE = "VAssistant/VAssistant-Info.plist";
				PRODUCT_NAME = "$(TARGET_NAME)";
				WRAPPER_EXTENSION = app;
			};
			name = Release;
		};
/* End XCBuildConfiguration section */

/* Begin XCConfigurationList section */
		048B805F15C699EB002279AD /* Build configuration list for PBXProject "VAssistant" */ = {
			isa = XCConfigurationList;
			buildConfigurations = (
				048B808F15C699EC002279AD /* Debug */,
				048B809015C699EC002279AD /* Release */,
			);
			defaultConfigurationIsVisible = 0;
			defaultConfigurationName = Release;
		};
		048B809115C699EC002279AD /* Build configuration list for PBXNativeTarget "VAssistant" */ = {
			isa = XCConfigurationList;
			buildConfigurations = (
				048B809215C699EC002279AD /* Debug */,
				048B809315C699EC002279AD /* Release */,
			);
			defaultConfigurationIsVisible = 0;
		};
/* End XCConfigurationList section */
	};
	rootObject = 048B805C15C699EB002279AD /* Project object */;
}
